
Microsoft Visual Studio Solution File, Format Version 12.00
# Visual Studio Version 17
VisualStudioVersion = 17.13.35828.75
MinimumVisualStudioVersion = 10.0.40219.1
Project("{2150E333-8FDC-42A3-9474-1A3956D46DE8}") = "Services", "Services", "{02EA681E-C7D8-13C7-8484-4AC65E1B71E8}"
EndProject
Project("{2150E333-8FDC-42A3-9474-1A3956D46DE8}") = "Catalog", "Catalog", "{615E49FE-F149-4C92-852D-37AE8A402EBD}"
EndProject
Project("{FAE04EC0-301F-11D3-BF4B-00C04F79EFBC}") = "Catalog.API", "Services\Catalog\Catalog.API\Catalog.API.csproj", "{942D015F-4C55-4456-8E67-1F6E1218FA2A}"
EndProject
Project("{2150E333-8FDC-42A3-9474-1A3956D46DE8}") = "BuildingBlocks", "BuildingBlocks", "{8D6D9056-D43C-499C-8917-DEF5BE64039B}"
EndProject
Project("{FAE04EC0-301F-11D3-BF4B-00C04F79EFBC}") = "BuildingBlocks", "BuildingBlocks\BuildingBlocks\BuildingBlocks.csproj", "{B508232A-43A3-4925-A8A9-4B728EE66A07}"
EndProject
Project("{2150E333-8FDC-42A3-9474-1A3956D46DE8}") = "Basket", "Basket", "{E93EB583-BA62-4862-8AB2-DB5F783F937D}"
EndProject
Project("{FAE04EC0-301F-11D3-BF4B-00C04F79EFBC}") = "Basket.API", "Services\Basket\Basket.API\Basket.API.csproj", "{A4BCE520-EF19-4C4F-865F-0D35690BA222}"
EndProject
Project("{2150E333-8FDC-42A3-9474-1A3956D46DE8}") = "Discount", "Discount", "{CCCF925E-E1C3-4A27-AD2C-31A6B5436886}"
EndProject
Project("{FAE04EC0-301F-11D3-BF4B-00C04F79EFBC}") = "Discount.Grpc", "Services\Discount\Discount.Grpc\Discount.Grpc.csproj", "{36850365-ECC7-4A35-B5EF-248C7398B3E6}"
EndProject
Project("{2150E333-8FDC-42A3-9474-1A3956D46DE8}") = "Ordering", "Ordering", "{02A56798-7817-44C3-8352-6A6C0A472725}"
EndProject
Project("{FAE04EC0-301F-11D3-BF4B-00C04F79EFBC}") = "Ordering.API", "Services\Ordering\Ordering.API\Ordering.API.csproj", "{183B5270-8D0C-4F75-A2B2-3C9700DFACC9}"
EndProject
Project("{FAE04EC0-301F-11D3-BF4B-00C04F79EFBC}") = "Ordering.Application", "Services\Ordering\Ordering.Application\Ordering.Application.csproj", "{D4D8E10E-D503-4AA9-B1FF-7CDE12F4D778}"
EndProject
Project("{FAE04EC0-301F-11D3-BF4B-00C04F79EFBC}") = "Ordering.Infrastructure", "Services\Ordering\Ordering.Infrastructure\Ordering.Infrastructure.csproj", "{8A0B65DC-2EBF-4E3F-BA8B-E6473D79F35A}"
EndProject
Project("{FAE04EC0-301F-11D3-BF4B-00C04F79EFBC}") = "Ordering.Domain", "Services\Ordering\Ordering.Domain\Ordering.Domain.csproj", "{DAD7B2ED-EEB4-4D44-B46D-1013E599F3B2}"
EndProject
Project("{FAE04EC0-301F-11D3-BF4B-00C04F79EFBC}") = "BuildingBlocks.Messaging", "BuildingBlocks\BuildingBlocks.Messaging\BuildingBlocks.Messaging.csproj", "{13802814-B169-4AC9-A791-09033EEC0599}"
EndProject
Project("{2150E333-8FDC-42A3-9474-1A3956D46DE8}") = "ApiGateways", "ApiGateways", "{F2A443CA-76FA-4C08-9B7C-12A960953382}"
EndProject
Project("{FAE04EC0-301F-11D3-BF4B-00C04F79EFBC}") = "YarpApiGateway", "ApiGateways\YarpApiGateway\YarpApiGateway.csproj", "{AD5FF623-2083-4915-808A-F3C86D5149F4}"
EndProject
Project("{2150E333-8FDC-42A3-9474-1A3956D46DE8}") = "WebApps", "WebApps", "{EE8E514A-1180-441B-BF4C-8DACEDD3B005}"
	ProjectSection(SolutionItems) = preProject
		docker.txt = docker.txt
	EndProjectSection
EndProject
Project("{FAE04EC0-301F-11D3-BF4B-00C04F79EFBC}") = "Shopping.Web", "WebApps\Shopping.Web\Shopping.Web.csproj", "{EE2B2044-32E6-4473-9A5D-D20A99B9C591}"
EndProject
Project("{E53339B2-1760-4266-BCC7-CA923CBCF16C}") = "docker-compose", "docker-compose.dcproj", "{81DDED9D-158B-E303-5F62-77A2896D2A5A}"
EndProject
Global
	GlobalSection(SolutionConfigurationPlatforms) = preSolution
		Debug|Any CPU = Debug|Any CPU
		Release|Any CPU = Release|Any CPU
	EndGlobalSection
	GlobalSection(ProjectConfigurationPlatforms) = postSolution
		{942D015F-4C55-4456-8E67-1F6E1218FA2A}.Debug|Any CPU.ActiveCfg = Debug|Any CPU
		{942D015F-4C55-4456-8E67-1F6E1218FA2A}.Debug|Any CPU.Build.0 = Debug|Any CPU
		{942D015F-4C55-4456-8E67-1F6E1218FA2A}.Release|Any CPU.ActiveCfg = Release|Any CPU
		{942D015F-4C55-4456-8E67-1F6E1218FA2A}.Release|Any CPU.Build.0 = Release|Any CPU
		{B508232A-43A3-4925-A8A9-4B728EE66A07}.Debug|Any CPU.ActiveCfg = Debug|Any CPU
		{B508232A-43A3-4925-A8A9-4B728EE66A07}.Debug|Any CPU.Build.0 = Debug|Any CPU
		{B508232A-43A3-4925-A8A9-4B728EE66A07}.Release|Any CPU.ActiveCfg = Release|Any CPU
		{B508232A-43A3-4925-A8A9-4B728EE66A07}.Release|Any CPU.Build.0 = Release|Any CPU
		{A4BCE520-EF19-4C4F-865F-0D35690BA222}.Debug|Any CPU.ActiveCfg = Debug|Any CPU
		{A4BCE520-EF19-4C4F-865F-0D35690BA222}.Debug|Any CPU.Build.0 = Debug|Any CPU
		{A4BCE520-EF19-4C4F-865F-0D35690BA222}.Release|Any CPU.ActiveCfg = Release|Any CPU
		{A4BCE520-EF19-4C4F-865F-0D35690BA222}.Release|Any CPU.Build.0 = Release|Any CPU
		{36850365-ECC7-4A35-B5EF-248C7398B3E6}.Debug|Any CPU.ActiveCfg = Debug|Any CPU
		{36850365-ECC7-4A35-B5EF-248C7398B3E6}.Debug|Any CPU.Build.0 = Debug|Any CPU
		{36850365-ECC7-4A35-B5EF-248C7398B3E6}.Release|Any CPU.ActiveCfg = Release|Any CPU
		{36850365-ECC7-4A35-B5EF-248C7398B3E6}.Release|Any CPU.Build.0 = Release|Any CPU
		{183B5270-8D0C-4F75-A2B2-3C9700DFACC9}.Debug|Any CPU.ActiveCfg = Debug|Any CPU
		{183B5270-8D0C-4F75-A2B2-3C9700DFACC9}.Debug|Any CPU.Build.0 = Debug|Any CPU
		{183B5270-8D0C-4F75-A2B2-3C9700DFACC9}.Release|Any CPU.ActiveCfg = Release|Any CPU
		{183B5270-8D0C-4F75-A2B2-3C9700DFACC9}.Release|Any CPU.Build.0 = Release|Any CPU
		{D4D8E10E-D503-4AA9-B1FF-7CDE12F4D778}.Debug|Any CPU.ActiveCfg = Debug|Any CPU
		{D4D8E10E-D503-4AA9-B1FF-7CDE12F4D778}.Debug|Any CPU.Build.0 = Debug|Any CPU
		{D4D8E10E-D503-4AA9-B1FF-7CDE12F4D778}.Release|Any CPU.ActiveCfg = Release|Any CPU
		{D4D8E10E-D503-4AA9-B1FF-7CDE12F4D778}.Release|Any CPU.Build.0 = Release|Any CPU
		{8A0B65DC-2EBF-4E3F-BA8B-E6473D79F35A}.Debug|Any CPU.ActiveCfg = Debug|Any CPU
		{8A0B65DC-2EBF-4E3F-BA8B-E6473D79F35A}.Debug|Any CPU.Build.0 = Debug|Any CPU
		{8A0B65DC-2EBF-4E3F-BA8B-E6473D79F35A}.Release|Any CPU.ActiveCfg = Release|Any CPU
		{8A0B65DC-2EBF-4E3F-BA8B-E6473D79F35A}.Release|Any CPU.Build.0 = Release|Any CPU
		{DAD7B2ED-EEB4-4D44-B46D-1013E599F3B2}.Debug|Any CPU.ActiveCfg = Debug|Any CPU
		{DAD7B2ED-EEB4-4D44-B46D-1013E599F3B2}.Debug|Any CPU.Build.0 = Debug|Any CPU
		{DAD7B2ED-EEB4-4D44-B46D-1013E599F3B2}.Release|Any CPU.ActiveCfg = Release|Any CPU
		{DAD7B2ED-EEB4-4D44-B46D-1013E599F3B2}.Release|Any CPU.Build.0 = Release|Any CPU
		{13802814-B169-4AC9-A791-09033EEC0599}.Debug|Any CPU.ActiveCfg = Debug|Any CPU
		{13802814-B169-4AC9-A791-09033EEC0599}.Debug|Any CPU.Build.0 = Debug|Any CPU
		{13802814-B169-4AC9-A791-09033EEC0599}.Release|Any CPU.ActiveCfg = Release|Any CPU
		{13802814-B169-4AC9-A791-09033EEC0599}.Release|Any CPU.Build.0 = Release|Any CPU
		{AD5FF623-2083-4915-808A-F3C86D5149F4}.Debug|Any CPU.ActiveCfg = Debug|Any CPU
		{AD5FF623-2083-4915-808A-F3C86D5149F4}.Debug|Any CPU.Build.0 = Debug|Any CPU
		{AD5FF623-2083-4915-808A-F3C86D5149F4}.Release|Any CPU.ActiveCfg = Release|Any CPU
		{AD5FF623-2083-4915-808A-F3C86D5149F4}.Release|Any CPU.Build.0 = Release|Any CPU
		{EE2B2044-32E6-4473-9A5D-D20A99B9C591}.Debug|Any CPU.ActiveCfg = Debug|Any CPU
		{EE2B2044-32E6-4473-9A5D-D20A99B9C591}.Debug|Any CPU.Build.0 = Debug|Any CPU
		{EE2B2044-32E6-4473-9A5D-D20A99B9C591}.Release|Any CPU.ActiveCfg = Release|Any CPU
		{EE2B2044-32E6-4473-9A5D-D20A99B9C591}.Release|Any CPU.Build.0 = Release|Any CPU
		{81DDED9D-158B-E303-5F62-77A2896D2A5A}.Debug|Any CPU.ActiveCfg = Debug|Any CPU
		{81DDED9D-158B-E303-5F62-77A2896D2A5A}.Debug|Any CPU.Build.0 = Debug|Any CPU
		{81DDED9D-158B-E303-5F62-77A2896D2A5A}.Release|Any CPU.ActiveCfg = Release|Any CPU
		{81DDED9D-158B-E303-5F62-77A2896D2A5A}.Release|Any CPU.Build.0 = Release|Any CPU
	EndGlobalSection
	GlobalSection(SolutionProperties) = preSolution
		HideSolutionNode = FALSE
	EndGlobalSection
	GlobalSection(NestedProjects) = preSolution
		{615E49FE-F149-4C92-852D-37AE8A402EBD} = {02EA681E-C7D8-13C7-8484-4AC65E1B71E8}
		{942D015F-4C55-4456-8E67-1F6E1218FA2A} = {615E49FE-F149-4C92-852D-37AE8A402EBD}
		{B508232A-43A3-4925-A8A9-4B728EE66A07} = {8D6D9056-D43C-499C-8917-DEF5BE64039B}
		{E93EB583-BA62-4862-8AB2-DB5F783F937D} = {02EA681E-C7D8-13C7-8484-4AC65E1B71E8}
		{A4BCE520-EF19-4C4F-865F-0D35690BA222} = {E93EB583-BA62-4862-8AB2-DB5F783F937D}
		{CCCF925E-E1C3-4A27-AD2C-31A6B5436886} = {02EA681E-C7D8-13C7-8484-4AC65E1B71E8}
		{36850365-ECC7-4A35-B5EF-248C7398B3E6} = {CCCF925E-E1C3-4A27-AD2C-31A6B5436886}
		{02A56798-7817-44C3-8352-6A6C0A472725} = {02EA681E-C7D8-13C7-8484-4AC65E1B71E8}
		{183B5270-8D0C-4F75-A2B2-3C9700DFACC9} = {02A56798-7817-44C3-8352-6A6C0A472725}
		{D4D8E10E-D503-4AA9-B1FF-7CDE12F4D778} = {02A56798-7817-44C3-8352-6A6C0A472725}
		{8A0B65DC-2EBF-4E3F-BA8B-E6473D79F35A} = {02A56798-7817-44C3-8352-6A6C0A472725}
		{DAD7B2ED-EEB4-4D44-B46D-1013E599F3B2} = {02A56798-7817-44C3-8352-6A6C0A472725}
		{13802814-B169-4AC9-A791-09033EEC0599} = {8D6D9056-D43C-499C-8917-DEF5BE64039B}
		{AD5FF623-2083-4915-808A-F3C86D5149F4} = {F2A443CA-76FA-4C08-9B7C-12A960953382}
		{EE2B2044-32E6-4473-9A5D-D20A99B9C591} = {EE8E514A-1180-441B-BF4C-8DACEDD3B005}
	EndGlobalSection
	GlobalSection(ExtensibilityGlobals) = postSolution
		SolutionGuid = {1353C6ED-1CEB-48D5-81CE-7E9F0E9BB2E5}
	EndGlobalSection
EndGlobal
